
Microsoft Visual Studio Solution File, Format Version 12.00
# Visual Studio 15
VisualStudioVersion = 15.0.28010.2003
MinimumVisualStudioVersion = 10.0.40219.1
Project("{8BC9CEB8-8B4A-11D0-8D11-00A0C91BC942}") = "pp04", "pp04.vcxproj", "{B303AF97-22D0-4772-8BEA-0A0ABF027D44}"
EndProject
Global
	GlobalSection(SolutionConfigurationPlatforms) = preSolution
		Debug|x64 = Debug|x64
		Debug|x86 = Debug|x86
		Release|x64 = Release|x64
		Release|x86 = Release|x86
	EndGlobalSection
	GlobalSection(ProjectConfigurationPlatforms) = postSolution
		{B303AF97-22D0-4772-8BEA-0A0ABF027D44}.Debug|x64.ActiveCfg = Debug|x64
		{B303AF97-22D0-4772-8BEA-0A0ABF027D44}.Debug|x64.Build.0 = Debug|x64
		{B303AF97-22D0-4772-8BEA-0A0ABF027D44}.Debug|x86.ActiveCfg = Debug|Win32
		{B303AF97-22D0-4772-8BEA-0A0ABF027D44}.Debug|x86.Build.0 = Debug|Win32
		{B303AF97-22D0-4772-8BEA-0A0ABF027D44}.Release|x64.ActiveCfg = Release|x64
		{B303AF97-22D0-4772-8BEA-0A0ABF027D44}.Release|x64.Build.0 = Release|x64
		{B303AF97-22D0-4772-8BEA-0A0ABF027D44}.Release|x86.ActiveCfg = Release|Win32
		{B303AF97-22D0-4772-8BEA-0A0ABF027D44}.Release|x86.Build.0 = Release|Win32
	EndGlobalSection
	GlobalSection(SolutionProperties) = preSolution
		HideSolutionNode = FALSE
	EndGlobalSection
	GlobalSection(ExtensibilityGlobals) = postSolution
		SolutionGuid = {8C05D50E-C775-41A4-ACBD-0AB52A17DFF0}
	EndGlobalSection
EndGlobal
